
Microsoft Visual Studio Solution File, Format Version 12.00
# Visual Studio Version 17
VisualStudioVersion = 17.1.32328.378
MinimumVisualStudioVersion = 10.0.40219.1
Project("{9A19103F-16F7-4668-BE54-9A1E7A4F7556}") = "GamePluginLauncher", "GamePluginLauncher\GamePluginLauncher.csproj", "{B44C4B9B-9732-4800-83BD-DF8865D5A81D}"
EndProject
Project("{9A19103F-16F7-4668-BE54-9A1E7A4F7556}") = "LauncherAssist", "LauncherAssist\LauncherAssist.csproj", "{64441D87-FA54-4C33-A9C1-03B3065D3132}"
EndProject
Project("{2150E333-8FDC-42A3-9474-1A3956D46DE8}") = "解决方案项", "解决方案项", "{55353999-191C-4612-BC58-67EBF295D121}"
	ProjectSection(SolutionItems) = preProject
		README.md = README.md
	EndProjectSection
EndProject
Global
	GlobalSection(SolutionConfigurationPlatforms) = preSolution
		Debug|Any CPU = Debug|Any CPU
		Release|Any CPU = Release|Any CPU
	EndGlobalSection
	GlobalSection(ProjectConfigurationPlatforms) = postSolution
		{B44C4B9B-9732-4800-83BD-DF8865D5A81D}.Debug|Any CPU.ActiveCfg = Debug|Any CPU
		{B44C4B9B-9732-4800-83BD-DF8865D5A81D}.Debug|Any CPU.Build.0 = Debug|Any CPU
		{B44C4B9B-9732-4800-83BD-DF8865D5A81D}.Release|Any CPU.ActiveCfg = Release|Any CPU
		{B44C4B9B-9732-4800-83BD-DF8865D5A81D}.Release|Any CPU.Build.0 = Release|Any CPU
		{64441D87-FA54-4C33-A9C1-03B3065D3132}.Debug|Any CPU.ActiveCfg = Debug|Any CPU
		{64441D87-FA54-4C33-A9C1-03B3065D3132}.Debug|Any CPU.Build.0 = Debug|Any CPU
		{64441D87-FA54-4C33-A9C1-03B3065D3132}.Release|Any CPU.ActiveCfg = Release|Any CPU
		{64441D87-FA54-4C33-A9C1-03B3065D3132}.Release|Any CPU.Build.0 = Release|Any CPU
	EndGlobalSection
	GlobalSection(SolutionProperties) = preSolution
		HideSolutionNode = FALSE
	EndGlobalSection
	GlobalSection(ExtensibilityGlobals) = postSolution
		SolutionGuid = {2EF0ADD1-E057-4D25-AEFB-9F65E42F9377}
	EndGlobalSection
EndGlobal
